
Microsoft Visual Studio Solution File, Format Version 12.00
# Visual Studio 2013
VisualStudioVersion = 12.0.31101.0
MinimumVisualStudioVersion = 10.0.40219.1
Project("{FAE04EC0-301F-11D3-BF4B-00C04F79EFBC}") = "01.SquareRoot", "SquareRoot\01.SquareRoot.csproj", "{14AF9661-3E82-4B65-B1CC-5E939192F1BD}"
EndProject
Project("{FAE04EC0-301F-11D3-BF4B-00C04F79EFBC}") = "02.EnterNumbers", "EnterNumbers\02.EnterNumbers.csproj", "{828E72C1-DB40-4224-A293-8EC91836103F}"
EndProject
Project("{FAE04EC0-301F-11D3-BF4B-00C04F79EFBC}") = "03.ReadFileContents", "ReadFileContents\03.ReadFileContents.csproj", "{D2AD3D4B-5ED5-44B6-92E0-F790F5483C82}"
EndProject
Project("{FAE04EC0-301F-11D3-BF4B-00C04F79EFBC}") = "DownloadFile", "DownloadFile\DownloadFile.csproj", "{DD244EE8-01F8-437F-9BF2-EBB8D6CA0D41}"
EndProject
Global
	GlobalSection(SolutionConfigurationPlatforms) = preSolution
		Debug|Any CPU = Debug|Any CPU
		Release|Any CPU = Release|Any CPU
	EndGlobalSection
	GlobalSection(ProjectConfigurationPlatforms) = postSolution
		{14AF9661-3E82-4B65-B1CC-5E939192F1BD}.Debug|Any CPU.ActiveCfg = Debug|Any CPU
		{14AF9661-3E82-4B65-B1CC-5E939192F1BD}.Debug|Any CPU.Build.0 = Debug|Any CPU
		{14AF9661-3E82-4B65-B1CC-5E939192F1BD}.Release|Any CPU.ActiveCfg = Release|Any CPU
		{14AF9661-3E82-4B65-B1CC-5E939192F1BD}.Release|Any CPU.Build.0 = Release|Any CPU
		{828E72C1-DB40-4224-A293-8EC91836103F}.Debug|Any CPU.ActiveCfg = Debug|Any CPU
		{828E72C1-DB40-4224-A293-8EC91836103F}.Debug|Any CPU.Build.0 = Debug|Any CPU
		{828E72C1-DB40-4224-A293-8EC91836103F}.Release|Any CPU.ActiveCfg = Release|Any CPU
		{828E72C1-DB40-4224-A293-8EC91836103F}.Release|Any CPU.Build.0 = Release|Any CPU
		{D2AD3D4B-5ED5-44B6-92E0-F790F5483C82}.Debug|Any CPU.ActiveCfg = Debug|Any CPU
		{D2AD3D4B-5ED5-44B6-92E0-F790F5483C82}.Debug|Any CPU.Build.0 = Debug|Any CPU
		{D2AD3D4B-5ED5-44B6-92E0-F790F5483C82}.Release|Any CPU.ActiveCfg = Release|Any CPU
		{D2AD3D4B-5ED5-44B6-92E0-F790F5483C82}.Release|Any CPU.Build.0 = Release|Any CPU
		{DD244EE8-01F8-437F-9BF2-EBB8D6CA0D41}.Debug|Any CPU.ActiveCfg = Debug|Any CPU
		{DD244EE8-01F8-437F-9BF2-EBB8D6CA0D41}.Debug|Any CPU.Build.0 = Debug|Any CPU
		{DD244EE8-01F8-437F-9BF2-EBB8D6CA0D41}.Release|Any CPU.ActiveCfg = Release|Any CPU
		{DD244EE8-01F8-437F-9BF2-EBB8D6CA0D41}.Release|Any CPU.Build.0 = Release|Any CPU
	EndGlobalSection
	GlobalSection(SolutionProperties) = preSolution
		HideSolutionNode = FALSE
	EndGlobalSection
EndGlobal
